// !$*UTF8*$!
{
	archiveVersion = 1;
	classes = {
	};
	objectVersion = 46;
	objects = {

/* Begin PBXBuildFile section */
		7FD968CB1BEEC95600760E8A /* AppDelegate.swift in Sources */ = {isa = PBXBuildFile; fileRef = 7FD968CA1BEEC95600760E8A /* AppDelegate.swift */; };
		7FD968CD1BEEC95600760E8A /* ViewController.swift in Sources */ = {isa = PBXBuildFile; fileRef = 7FD968CC1BEEC95600760E8A /* ViewController.swift */; };
		7FD968D01BEEC95600760E8A /* Main.storyboard in Resources */ = {isa = PBXBuildFile; fileRef = 7FD968CE1BEEC95600760E8A /* Main.storyboard */; };
		7FD968D21BEEC95600760E8A /* Assets.xcassets in Resources */ = {isa = PBXBuildFile; fileRef = 7FD968D11BEEC95600760E8A /* Assets.xcassets */; };
		7FD968D51BEEC95600760E8A /* LaunchScreen.storyboard in Resources */ = {isa = PBXBuildFile; fileRef = 7FD968D31BEEC95600760E8A /* LaunchScreen.storyboard */; };
		7FD968E01BEEC95700760E8A /* MyPNTests.swift in Sources */ = {isa = PBXBuildFile; fileRef = 7FD968DF1BEEC95700760E8A /* MyPNTests.swift */; };
		7FD968EB1BEEC95700760E8A /* MyPNUITests.swift in Sources */ = {isa = PBXBuildFile; fileRef = 7FD968EA1BEEC95700760E8A /* MyPNUITests.swift */; };
/* End PBXBuildFile section */

/* Begin PBXContainerItemProxy section */
		7FD968DC1BEEC95700760E8A /* PBXContainerItemProxy */ = {
			isa = PBXContainerItemProxy;
			containerPortal = 7FD968BF1BEEC95600760E8A /* Project object */;
			proxyType = 1;
			remoteGlobalIDString = 7FD968C61BEEC95600760E8A;
			remoteInfo = MyPN;
		};
		7FD968E71BEEC95700760E8A /* PBXContainerItemProxy */ = {
			isa = PBXContainerItemProxy;
			containerPortal = 7FD968BF1BEEC95600760E8A /* Project object */;
			proxyType = 1;
			remoteGlobalIDString = 7FD968C61BEEC95600760E8A;
			remoteInfo = MyPN;
		};
/* End PBXContainerItemProxy section */

/* Begin PBXFileReference section */
		7FD968C71BEEC95600760E8A /* MyPN.app */ = {isa = PBXFileReference; explicitFileType = wrapper.application; includeInIndex = 0; path = MyPN.app; sourceTree = BUILT_PRODUCTS_DIR; };
		7FD968CA1BEEC95600760E8A /* AppDelegate.swift */ = {isa = PBXFileReference; lastKnownFileType = sourcecode.swift; path = AppDelegate.swift; sourceTree = "<group>"; };
		7FD968CC1BEEC95600760E8A /* ViewController.swift */ = {isa = PBXFileReference; lastKnownFileType = sourcecode.swift; path = ViewController.swift; sourceTree = "<group>"; };
		7FD968CF1BEEC95600760E8A /* Base */ = {isa = PBXFileReference; lastKnownFileType = file.storyboard; name = Base; path = Base.lproj/Main.storyboard; sourceTree = "<group>"; };
		7FD968D11BEEC95600760E8A /* Assets.xcassets */ = {isa = PBXFileReference; lastKnownFileType = folder.assetcatalog; path = Assets.xcassets; sourceTree = "<group>"; };
		7FD968D41BEEC95600760E8A /* Base */ = {isa = PBXFileReference; lastKnownFileType = file.storyboard; name = Base; path = Base.lproj/LaunchScreen.storyboard; sourceTree = "<group>"; };
		7FD968D61BEEC95600760E8A /* Info.plist */ = {isa = PBXFileReference; lastKnownFileType = text.plist.xml; path = Info.plist; sourceTree = "<group>"; };
		7FD968DB1BEEC95700760E8A /* MyPNTests.xctest */ = {isa = PBXFileReference; explicitFileType = wrapper.cfbundle; includeInIndex = 0; path = MyPNTests.xctest; sourceTree = BUILT_PRODUCTS_DIR; };
		7FD968DF1BEEC95700760E8A /* MyPNTests.swift */ = {isa = PBXFileReference; lastKnownFileType = sourcecode.swift; path = MyPNTests.swift; sourceTree = "<group>"; };
		7FD968E11BEEC95700760E8A /* Info.plist */ = {isa = PBXFileReference; lastKnownFileType = text.plist.xml; path = Info.plist; sourceTree = "<group>"; };
		7FD968E61BEEC95700760E8A /* MyPNUITests.xctest */ = {isa = PBXFileReference; explicitFileType = wrapper.cfbundle; includeInIndex = 0; path = MyPNUITests.xctest; sourceTree = BUILT_PRODUCTS_DIR; };
		7FD968EA1BEEC95700760E8A /* MyPNUITests.swift */ = {isa = PBXFileReference; lastKnownFileType = sourcecode.swift; path = MyPNUITests.swift; sourceTree = "<group>"; };
		7FD968EC1BEEC95700760E8A /* Info.plist */ = {isa = PBXFileReference; lastKnownFileType = text.plist.xml; path = Info.plist; sourceTree = "<group>"; };
/* End PBXFileReference section */

/* Begin PBXFrameworksBuildPhase section */
		7FD968C41BEEC95600760E8A /* Frameworks */ = {
			isa = PBXFrameworksBuildPhase;
			buildActionMask = 2147483647;
			files = (
			);
			runOnlyForDeploymentPostprocessing = 0;
		};
		7FD968D81BEEC95700760E8A /* Frameworks */ = {
			isa = PBXFrameworksBuildPhase;
			buildActionMask = 2147483647;
			files = (
			);
			runOnlyForDeploymentPostprocessing = 0;
		};
		7FD968E31BEEC95700760E8A /* Frameworks */ = {
			isa = PBXFrameworksBuildPhase;
			buildActionMask = 2147483647;
			files = (
			);
			runOnlyForDeploymentPostprocessing = 0;
		};
/* End PBXFrameworksBuildPhase section */

/* Begin PBXGroup section */
		7FD968BE1BEEC95600760E8A = {
			isa = PBXGroup;
			children = (
				7FD968C91BEEC95600760E8A /* MyPN */,
				7FD968DE1BEEC95700760E8A /* MyPNTests */,
				7FD968E91BEEC95700760E8A /* MyPNUITests */,
				7FD968C81BEEC95600760E8A /* Products */,
			);
			sourceTree = "<group>";
		};
		7FD968C81BEEC95600760E8A /* Products */ = {
			isa = PBXGroup;
			children = (
				7FD968C71BEEC95600760E8A /* MyPN.app */,
				7FD968DB1BEEC95700760E8A /* MyPNTests.xctest */,
				7FD968E61BEEC95700760E8A /* MyPNUITests.xctest */,
			);
			name = Products;
			sourceTree = "<group>";
		};
		7FD968C91BEEC95600760E8A /* MyPN */ = {
			isa = PBXGroup;
			children = (
				7FD968CA1BEEC95600760E8A /* AppDelegate.swift */,
				7FD968CC1BEEC95600760E8A /* ViewController.swift */,
				7FD968CE1BEEC95600760E8A /* Main.storyboard */,
				7FD968D11BEEC95600760E8A /* Assets.xcassets */,
				7FD968D31BEEC95600760E8A /* LaunchScreen.storyboard */,
				7FD968D61BEEC95600760E8A /* Info.plist */,
			);
			path = MyPN;
			sourceTree = "<group>";
		};
		7FD968DE1BEEC95700760E8A /* MyPNTests */ = {
			isa = PBXGroup;
			children = (
				7FD968DF1BEEC95700760E8A /* MyPNTests.swift */,
				7FD968E11BEEC95700760E8A /* Info.plist */,
			);
			path = MyPNTests;
			sourceTree = "<group>";
		};
		7FD968E91BEEC95700760E8A /* MyPNUITests */ = {
			isa = PBXGroup;
			children = (
				7FD968EA1BEEC95700760E8A /* MyPNUITests.swift */,
				7FD968EC1BEEC95700760E8A /* Info.plist */,
			);
			path = MyPNUITests;
			sourceTree = "<group>";
		};
/* End PBXGroup section */

/* Begin PBXNativeTarget section */
		7FD968C61BEEC95600760E8A /* MyPN */ = {
			isa = PBXNativeTarget;
			buildConfigurationList = 7FD968EF1BEEC95700760E8A /* Build configuration list for PBXNativeTarget "MyPN" */;
			buildPhases = (
				7FD968C31BEEC95600760E8A /* Sources */,
				7FD968C41BEEC95600760E8A /* Frameworks */,
				7FD968C51BEEC95600760E8A /* Resources */,
			);
			buildRules = (
			);
			dependencies = (
			);
			name = MyPN;
			productName = MyPN;
			productReference = 7FD968C71BEEC95600760E8A /* MyPN.app */;
			productType = "com.apple.product-type.application";
		};
		7FD968DA1BEEC95700760E8A /* MyPNTests */ = {
			isa = PBXNativeTarget;
			buildConfigurationList = 7FD968F21BEEC95700760E8A /* Build configuration list for PBXNativeTarget "MyPNTests" */;
			buildPhases = (
				7FD968D71BEEC95700760E8A /* Sources */,
				7FD968D81BEEC95700760E8A /* Frameworks */,
				7FD968D91BEEC95700760E8A /* Resources */,
			);
			buildRules = (
			);
			dependencies = (
				7FD968DD1BEEC95700760E8A /* PBXTargetDependency */,
			);
			name = MyPNTests;
			productName = MyPNTests;
			productReference = 7FD968DB1BEEC95700760E8A /* MyPNTests.xctest */;
			productType = "com.apple.product-type.bundle.unit-test";
		};
		7FD968E51BEEC95700760E8A /* MyPNUITests */ = {
			isa = PBXNativeTarget;
			buildConfigurationList = 7FD968F51BEEC95700760E8A /* Build configuration list for PBXNativeTarget "MyPNUITests" */;
			buildPhases = (
				7FD968E21BEEC95700760E8A /* Sources */,
				7FD968E31BEEC95700760E8A /* Frameworks */,
				7FD968E41BEEC95700760E8A /* Resources */,
			);
			buildRules = (
			);
			dependencies = (
				7FD968E81BEEC95700760E8A /* PBXTargetDependency */,
			);
			name = MyPNUITests;
			productName = MyPNUITests;
			productReference = 7FD968E61BEEC95700760E8A /* MyPNUITests.xctest */;
			productType = "com.apple.product-type.bundle.ui-testing";
		};
/* End PBXNativeTarget section */

/* Begin PBXProject section */
		7FD968BF1BEEC95600760E8A /* Project object */ = {
			isa = PBXProject;
			attributes = {
				LastUpgradeCheck = 0700;
				ORGANIZATIONNAME = "Derrick  Ho";
				TargetAttributes = {
					7FD968C61BEEC95600760E8A = {
						CreatedOnToolsVersion = 7.0.1;
					};
					7FD968DA1BEEC95700760E8A = {
						CreatedOnToolsVersion = 7.0.1;
						TestTargetID = 7FD968C61BEEC95600760E8A;
					};
					7FD968E51BEEC95700760E8A = {
						CreatedOnToolsVersion = 7.0.1;
						TestTargetID = 7FD968C61BEEC95600760E8A;
					};
				};
			};
			buildConfigurationList = 7FD968C21BEEC95600760E8A /* Build configuration list for PBXProject "MyPN" */;
			compatibilityVersion = "Xcode 3.2";
			developmentRegion = English;
			hasScannedForEncodings = 0;
			knownRegions = (
				en,
				Base,
			);
			mainGroup = 7FD968BE1BEEC95600760E8A;
			productRefGroup = 7FD968C81BEEC95600760E8A /* Products */;
			projectDirPath = "";
			projectRoot = "";
			targets = (
				7FD968C61BEEC95600760E8A /* MyPN */,
				7FD968DA1BEEC95700760E8A /* MyPNTests */,
				7FD968E51BEEC95700760E8A /* MyPNUITests */,
			);
		};
/* End PBXProject section */

/* Begin PBXResourcesBuildPhase section */
		7FD968C51BEEC95600760E8A /* Resources */ = {
			isa = PBXResourcesBuildPhase;
			buildActionMask = 2147483647;
			files = (
				7FD968D51BEEC95600760E8A /* LaunchScreen.storyboard in Resources */,
				7FD968D21BEEC95600760E8A /* Assets.xcassets in Resources */,
				7FD968D01BEEC95600760E8A /* Main.storyboard in Resources */,
			);
			runOnlyForDeploymentPostprocessing = 0;
		};
		7FD968D91BEEC95700760E8A /* Resources */ = {
			isa = PBXResourcesBuildPhase;
			buildActionMask = 2147483647;
			files = (
			);
			runOnlyForDeploymentPostprocessing = 0;
		};
		7FD968E41BEEC95700760E8A /* Resources */ = {
			isa = PBXResourcesBuildPhase;
			buildActionMask = 2147483647;
			files = (
			);
			runOnlyForDeploymentPostprocessing = 0;
		};
/* End PBXResourcesBuildPhase section */

/* Begin PBXSourcesBuildPhase section */
		7FD968C31BEEC95600760E8A /* Sources */ = {
			isa = PBXSourcesBuildPhase;
			buildActionMask = 2147483647;
			files = (
				7FD968CD1BEEC95600760E8A /* ViewController.swift in Sources */,
				7FD968CB1BEEC95600760E8A /* AppDelegate.swift in Sources */,
			);
			runOnlyForDeploymentPostprocessing = 0;
		};
		7FD968D71BEEC95700760E8A /* Sources */ = {
			isa = PBXSourcesBuildPhase;
			buildActionMask = 2147483647;
			files = (
				7FD968E01BEEC95700760E8A /* MyPNTests.swift in Sources */,
			);
			runOnlyForDeploymentPostprocessing = 0;
		};
		7FD968E21BEEC95700760E8A /* Sources */ = {
			isa = PBXSourcesBuildPhase;
			buildActionMask = 2147483647;
			files = (
				7FD968EB1BEEC95700760E8A /* MyPNUITests.swift in Sources */,
			);
			runOnlyForDeploymentPostprocessing = 0;
		};
/* End PBXSourcesBuildPhase section */

/* Begin PBXTargetDependency section */
		7FD968DD1BEEC95700760E8A /* PBXTargetDependency */ = {
			isa = PBXTargetDependency;
			target = 7FD968C61BEEC95600760E8A /* MyPN */;
			targetProxy = 7FD968DC1BEEC95700760E8A /* PBXContainerItemProxy */;
		};
		7FD968E81BEEC95700760E8A /* PBXTargetDependency */ = {
			isa = PBXTargetDependency;
			target = 7FD968C61BEEC95600760E8A /* MyPN */;
			targetProxy = 7FD968E71BEEC95700760E8A /* PBXContainerItemProxy */;
		};
/* End PBXTargetDependency section */

/* Begin PBXVariantGroup section */
		7FD968CE1BEEC95600760E8A /* Main.storyboard */ = {
			isa = PBXVariantGroup;
			children = (
				7FD968CF1BEEC95600760E8A /* Base */,
			);
			name = Main.storyboard;
			sourceTree = "<group>";
		};
		7FD968D31BEEC95600760E8A /* LaunchScreen.storyboard */ = {
			isa = PBXVariantGroup;
			children = (
				7FD968D41BEEC95600760E8A /* Base */,
			);
			name = LaunchScreen.storyboard;
			sourceTree = "<group>";
		};
/* End PBXVariantGroup section */

/* Begin XCBuildConfiguration section */
		7FD968ED1BEEC95700760E8A /* Debug */ = {
			isa = XCBuildConfiguration;
			buildSettings = {
				ALWAYS_SEARCH_USER_PATHS = NO;
				CLANG_CXX_LANGUAGE_STANDARD = "gnu++0x";
				CLANG_CXX_LIBRARY = "libc++";
				CLANG_ENABLE_MODULES = YES;
				CLANG_ENABLE_OBJC_ARC = YES;
				CLANG_WARN_BOOL_CONVERSION = YES;
				CLANG_WARN_CONSTANT_CONVERSION = YES;
				CLANG_WARN_DIRECT_OBJC_ISA_USAGE = YES_ERROR;
				CLANG_WARN_EMPTY_BODY = YES;
				CLANG_WARN_ENUM_CONVERSION = YES;
				CLANG_WARN_INT_CONVERSION = YES;
				CLANG_WARN_OBJC_ROOT_CLASS = YES_ERROR;
				CLANG_WARN_UNREACHABLE_CODE = YES;
				CLANG_WARN__DUPLICATE_METHOD_MATCH = YES;
				"CODE_SIGN_IDENTITY[sdk=iphoneos*]" = "iPhone Developer";
				COPY_PHASE_STRIP = NO;
				DEBUG_INFORMATION_FORMAT = dwarf;
				ENABLE_STRICT_OBJC_MSGSEND = YES;
				ENABLE_TESTABILITY = YES;
				GCC_C_LANGUAGE_STANDARD = gnu99;
				GCC_DYNAMIC_NO_PIC = NO;
				GCC_NO_COMMON_BLOCKS = YES;
				GCC_OPTIMIZATION_LEVEL = 0;
				GCC_PREPROCESSOR_DEFINITIONS = (
					"DEBUG=1",
					"$(inherited)",
				);
				GCC_WARN_64_TO_32_BIT_CONVERSION = YES;
				GCC_WARN_ABOUT_RETURN_TYPE = YES_ERROR;
				GCC_WARN_UNDECLARED_SELECTOR = YES;
				GCC_WARN_UNINITIALIZED_AUTOS = YES_AGGRESSIVE;
				GCC_WARN_UNUSED_FUNCTION = YES;
				GCC_WARN_UNUSED_VARIABLE = YES;
				IPHONEOS_DEPLOYMENT_TARGET = 9.0;
				MTL_ENABLE_DEBUG_INFO = YES;
				ONLY_ACTIVE_ARCH = YES;
				SDKROOT = iphoneos;
				SWIFT_OPTIMIZATION_LEVEL = "-Onone";
				TARGETED_DEVICE_FAMILY = "1,2";
			};
			name = Debug;
		};
		7FD968EE1BEEC95700760E8A /* Release */ = {
			isa = XCBuildConfiguration;
			buildSettings = {
				ALWAYS_SEARCH_USER_PATHS = NO;
				CLANG_CXX_LANGUAGE_STANDARD = "gnu++0x";
				CLANG_CXX_LIBRARY = "libc++";
				CLANG_ENABLE_MODULES = YES;
				CLANG_ENABLE_OBJC_ARC = YES;
				CLANG_WARN_BOOL_CONVERSION = YES;
				CLANG_WARN_CONSTANT_CONVERSION = YES;
				CLANG_WARN_DIRECT_OBJC_ISA_USAGE = YES_ERROR;
				CLANG_WARN_EMPTY_BODY = YES;
				CLANG_WARN_ENUM_CONVERSION = YES;
				CLANG_WARN_INT_CONVERSION = YES;
				CLANG_WARN_OBJC_ROOT_CLASS = YES_ERROR;
				CLANG_WARN_UNREACHABLE_CODE = YES;
				CLANG_WARN__DUPLICATE_METHOD_MATCH = YES;
				"CODE_SIGN_IDENTITY[sdk=iphoneos*]" = "iPhone Developer";
				COPY_PHASE_STRIP = NO;
				DEBUG_INFORMATION_FORMAT = "dwarf-with-dsym";
				ENABLE_NS_ASSERTIONS = NO;
				ENABLE_STRICT_OBJC_MSGSEND = YES;
				GCC_C_LANGUAGE_STANDARD = gnu99;
				GCC_NO_COMMON_BLOCKS = YES;
				GCC_WARN_64_TO_32_BIT_CONVERSION = YES;
				GCC_WARN_ABOUT_RETURN_TYPE = YES_ERROR;
				GCC_WARN_UNDECLARED_SELECTOR = YES;
				GCC_WARN_UNINITIALIZED_AUTOS = YES_AGGRESSIVE;
				GCC_WARN_UNUSED_FUNCTION = YES;
				GCC_WARN_UNUSED_VARIABLE = YES;
				IPHONEOS_DEPLOYMENT_TARGET = 9.0;
				MTL_ENABLE_DEBUG_INFO = NO;
				SDKROOT = iphoneos;
				TARGETED_DEVICE_FAMILY = "1,2";
				VALIDATE_PRODUCT = YES;
			};
			name = Release;
		};
		7FD968F01BEEC95700760E8A /* Debug */ = {
			isa = XCBuildConfiguration;
			buildSettings = {
				ASSETCATALOG_COMPILER_APPICON_NAME = AppIcon;
				INFOPLIST_FILE = MyPN/Info.plist;
				LD_RUNPATH_SEARCH_PATHS = "$(inherited) @executable_path/Frameworks";
				PRODUCT_BUNDLE_IDENTIFIER = dnthome.MyPN;
				PRODUCT_NAME = "$(TARGET_NAME)";
			};
			name = Debug;
		};
		7FD968F11BEEC95700760E8A /* Release */ = {
			isa = XCBuildConfiguration;
			buildSettings = {
				ASSETCATALOG_COMPILER_APPICON_NAME = AppIcon;
				INFOPLIST_FILE = MyPN/Info.plist;
				LD_RUNPATH_SEARCH_PATHS = "$(inherited) @executable_path/Frameworks";
				PRODUCT_BUNDLE_IDENTIFIER = dnthome.MyPN;
				PRODUCT_NAME = "$(TARGET_NAME)";
			};
			name = Release;
		};
		7FD968F31BEEC95700760E8A /* Debug */ = {
			isa = XCBuildConfiguration;
			buildSettings = {
				BUNDLE_LOADER = "$(TEST_HOST)";
				INFOPLIST_FILE = MyPNTests/Info.plist;
				LD_RUNPATH_SEARCH_PATHS = "$(inherited) @executable_path/Frameworks @loader_path/Frameworks";
				PRODUCT_BUNDLE_IDENTIFIER = dnthome.MyPNTests;
				PRODUCT_NAME = "$(TARGET_NAME)";
				TEST_HOST = "$(BUILT_PRODUCTS_DIR)/MyPN.app/MyPN";
			};
			name = Debug;
		};
		7FD968F41BEEC95700760E8A /* Release */ = {
			isa = XCBuildConfiguration;
			buildSettings = {
				BUNDLE_LOADER = "$(TEST_HOST)";
				INFOPLIST_FILE = MyPNTests/Info.plist;
				LD_RUNPATH_SEARCH_PATHS = "$(inherited) @executable_path/Frameworks @loader_path/Frameworks";
				PRODUCT_BUNDLE_IDENTIFIER = dnthome.MyPNTests;
				PRODUCT_NAME = "$(TARGET_NAME)";
				TEST_HOST = "$(BUILT_PRODUCTS_DIR)/MyPN.app/MyPN";
			};
			name = Release;
		};
		7FD968F61BEEC95700760E8A /* Debug */ = {
			isa = XCBuildConfiguration;
			buildSettings = {
				INFOPLIST_FILE = MyPNUITests/Info.plist;
				LD_RUNPATH_SEARCH_PATHS = "$(inherited) @executable_path/Frameworks @loader_path/Frameworks";
				PRODUCT_BUNDLE_IDENTIFIER = dnthome.MyPNUITests;
				PRODUCT_NAME = "$(TARGET_NAME)";
				TEST_TARGET_NAME = MyPN;
				USES_XCTRUNNER = YES;
			};
			name = Debug;
		};
		7FD968F71BEEC95700760E8A /* Release */ = {
			isa = XCBuildConfiguration;
			buildSettings = {
				INFOPLIST_FILE = MyPNUITests/Info.plist;
				LD_RUNPATH_SEARCH_PATHS = "$(inherited) @executable_path/Frameworks @loader_path/Frameworks";
				PRODUCT_BUNDLE_IDENTIFIER = dnthome.MyPNUITests;
				PRODUCT_NAME = "$(TARGET_NAME)";
				TEST_TARGET_NAME = MyPN;
				USES_XCTRUNNER = YES;
			};
			name = Release;
		};
/* End XCBuildConfiguration section */

/* Begin XCConfigurationList section */
		7FD968C21BEEC95600760E8A /* Build configuration list for PBXProject "MyPN" */ = {
			isa = XCConfigurationList;
			buildConfigurations = (
				7FD968ED1BEEC95700760E8A /* Debug */,
				7FD968EE1BEEC95700760E8A /* Release */,
			);
			defaultConfigurationIsVisible = 0;
			defaultConfigurationName = Release;
		};
		7FD968EF1BEEC95700760E8A /* Build configuration list for PBXNativeTarget "MyPN" */ = {
			isa = XCConfigurationList;
			buildConfigurations = (
				7FD968F01BEEC95700760E8A /* Debug */,
				7FD968F11BEEC95700760E8A /* Release */,
			);
			defaultConfigurationIsVisible = 0;
		};
		7FD968F21BEEC95700760E8A /* Build configuration list for PBXNativeTarget "MyPNTests" */ = {
			isa = XCConfigurationList;
			buildConfigurations = (
				7FD968F31BEEC95700760E8A /* Debug */,
				7FD968F41BEEC95700760E8A /* Release */,
			);
			defaultConfigurationIsVisible = 0;
		};
		7FD968F51BEEC95700760E8A /* Build configuration list for PBXNativeTarget "MyPNUITests" */ = {
			isa = XCConfigurationList;
			buildConfigurations = (
				7FD968F61BEEC95700760E8A /* Debug */,
				7FD968F71BEEC95700760E8A /* Release */,
			);
			defaultConfigurationIsVisible = 0;
		};
/* End XCConfigurationList section */
	};
	rootObject = 7FD968BF1BEEC95600760E8A /* Project object */;
}
